
Microsoft Visual Studio Solution File, Format Version 12.00
Project("{FAE04EC0-301F-11D3-BF4B-00C04F79EFBC}") = "Playground", "Playground\Playground.csproj", "{B96DA9C7-0219-4A93-9B08-234AD9591323}"
EndProject
Project("{FAE04EC0-301F-11D3-BF4B-00C04F79EFBC}") = "DatabaseAnalyzer.App", "DatabaseAnalyzer.App\DatabaseAnalyzer.App.csproj", "{01C02719-00FE-4BD0-8F66-9B04D2895C4A}"
EndProject
Project("{FAE04EC0-301F-11D3-BF4B-00C04F79EFBC}") = "DatabaseAnalyzer.Common", "DatabaseAnalyzer.Common\DatabaseAnalyzer.Common.csproj", "{12A1E930-CCA4-46DB-AF4B-0B9FBA1E101D}"
EndProject
Project("{FAE04EC0-301F-11D3-BF4B-00C04F79EFBC}") = "DatabaseAnalyzer.Common.Tests", "DatabaseAnalyzer.Common.Tests\DatabaseAnalyzer.Common.Tests.csproj", "{8F298FDE-CE48-4AFF-AF5A-ECFC491BBFB8}"
EndProject
Project("{FAE04EC0-301F-11D3-BF4B-00C04F79EFBC}") = "DatabaseAnalyzer.Contracts", "DatabaseAnalyzer.Contracts\DatabaseAnalyzer.Contracts.csproj", "{36573E56-CE3A-46BA-80E0-D8C9014F6107}"
EndProject
Project("{FAE04EC0-301F-11D3-BF4B-00C04F79EFBC}") = "DatabaseAnalyzer.Core", "DatabaseAnalyzer.Core\DatabaseAnalyzer.Core.csproj", "{0E0D3982-2EAF-4769-82F6-7A2DF824283D}"
EndProject
Project("{FAE04EC0-301F-11D3-BF4B-00C04F79EFBC}") = "DatabaseAnalyzer.Core.Tests", "DatabaseAnalyzer.Core.Tests\DatabaseAnalyzer.Core.Tests.csproj", "{59CE1383-0477-477E-9247-353E4CABCCFD}"
EndProject
Project("{FAE04EC0-301F-11D3-BF4B-00C04F79EFBC}") = "DatabaseAnalyzer.Testing", "DatabaseAnalyzer.Testing\DatabaseAnalyzer.Testing.csproj", "{A421AA14-157B-4F5D-B644-936D88A041ED}"
EndProject
Project("{FAE04EC0-301F-11D3-BF4B-00C04F79EFBC}") = "DatabaseAnalyzer.Testing.Tests", "DatabaseAnalyzer.Testing.Tests\DatabaseAnalyzer.Testing.Tests.csproj", "{D316DA38-C5C5-4F25-9085-C9903E62E5C9}"
EndProject
Project("{FAE04EC0-301F-11D3-BF4B-00C04F79EFBC}") = "DatabaseAnalyzers.DefaultAnalyzers", "DatabaseAnalyzers.DefaultAnalyzers\DatabaseAnalyzers.DefaultAnalyzers.csproj", "{52FC297D-1693-477A-91DA-DF79C231B8EB}"
EndProject
Project("{FAE04EC0-301F-11D3-BF4B-00C04F79EFBC}") = "DatabaseAnalyzers.DefaultAnalyzers.InfrastructureTasks", "DatabaseAnalyzers.DefaultAnalyzers.InfrastructureTasks\DatabaseAnalyzers.DefaultAnalyzers.InfrastructureTasks.csproj", "{FD2C3D84-C750-4EEF-BABB-E8880F370352}"
EndProject
Project("{FAE04EC0-301F-11D3-BF4B-00C04F79EFBC}") = "DatabaseAnalyzers.DefaultAnalyzers.Tests", "DatabaseAnalyzers.DefaultAnalyzers.Tests\DatabaseAnalyzers.DefaultAnalyzers.Tests.csproj", "{73DB9D79-FDDE-4047-A441-04AF458AFBE8}"
EndProject
Project("{2150E333-8FDC-42A3-9474-1A3956D46DE8}") = "Infra Tasks", "Infra Tasks", "{616A0B57-F352-4CD7-B4F6-40EA720E82F0}"
EndProject
Project("{2150E333-8FDC-42A3-9474-1A3956D46DE8}") = "Solution Files", "Solution Files", "{1D016BEC-1644-4E07-B506-5443C4B9A328}"
	ProjectSection(SolutionItems) = preProject
		.editorconfig = .editorconfig
		.gitignore = .gitignore
		Directory.Build.props = Directory.Build.props
		TSqlScriptAnalyzer.sln.DotSettings = TSqlScriptAnalyzer.sln.DotSettings
		..\CreatingAnalyzers.md = ..\CreatingAnalyzers.md
		..\README.md = ..\README.md
		..\STATUS.md = ..\STATUS.md
		..\UnitTestingAnalyzers.md = ..\UnitTestingAnalyzers.md
		testing\settings\project1.jsonc = testing\settings\project1.jsonc
	EndProjectSection
EndProject
Project("{2150E333-8FDC-42A3-9474-1A3956D46DE8}") = "Tests", "Tests", "{756EE255-D7F4-4CFE-8FAA-92A5C17E823B}"
EndProject
Project("{FAE04EC0-301F-11D3-BF4B-00C04F79EFBC}") = "DatabaseAnalyzers.DefaultServices", "DatabaseAnalyzers.DefaultServices\DatabaseAnalyzers.DefaultServices.csproj", "{9ECE76CB-BE1F-4061-83FE-17C4DBFB0EAD}"
EndProject
Global
	GlobalSection(SolutionConfigurationPlatforms) = preSolution
		Debug|Any CPU = Debug|Any CPU
		Release|Any CPU = Release|Any CPU
	EndGlobalSection
	GlobalSection(ProjectConfigurationPlatforms) = postSolution
		{B96DA9C7-0219-4A93-9B08-234AD9591323}.Debug|Any CPU.ActiveCfg = Debug|Any CPU
		{B96DA9C7-0219-4A93-9B08-234AD9591323}.Debug|Any CPU.Build.0 = Debug|Any CPU
		{B96DA9C7-0219-4A93-9B08-234AD9591323}.Release|Any CPU.ActiveCfg = Release|Any CPU
		{B96DA9C7-0219-4A93-9B08-234AD9591323}.Release|Any CPU.Build.0 = Release|Any CPU
		{01C02719-00FE-4BD0-8F66-9B04D2895C4A}.Debug|Any CPU.ActiveCfg = Debug|Any CPU
		{01C02719-00FE-4BD0-8F66-9B04D2895C4A}.Debug|Any CPU.Build.0 = Debug|Any CPU
		{01C02719-00FE-4BD0-8F66-9B04D2895C4A}.Release|Any CPU.ActiveCfg = Release|Any CPU
		{01C02719-00FE-4BD0-8F66-9B04D2895C4A}.Release|Any CPU.Build.0 = Release|Any CPU
		{12A1E930-CCA4-46DB-AF4B-0B9FBA1E101D}.Debug|Any CPU.ActiveCfg = Debug|Any CPU
		{12A1E930-CCA4-46DB-AF4B-0B9FBA1E101D}.Debug|Any CPU.Build.0 = Debug|Any CPU
		{12A1E930-CCA4-46DB-AF4B-0B9FBA1E101D}.Release|Any CPU.ActiveCfg = Release|Any CPU
		{12A1E930-CCA4-46DB-AF4B-0B9FBA1E101D}.Release|Any CPU.Build.0 = Release|Any CPU
		{8F298FDE-CE48-4AFF-AF5A-ECFC491BBFB8}.Debug|Any CPU.ActiveCfg = Debug|Any CPU
		{8F298FDE-CE48-4AFF-AF5A-ECFC491BBFB8}.Debug|Any CPU.Build.0 = Debug|Any CPU
		{8F298FDE-CE48-4AFF-AF5A-ECFC491BBFB8}.Release|Any CPU.ActiveCfg = Release|Any CPU
		{8F298FDE-CE48-4AFF-AF5A-ECFC491BBFB8}.Release|Any CPU.Build.0 = Release|Any CPU
		{36573E56-CE3A-46BA-80E0-D8C9014F6107}.Debug|Any CPU.ActiveCfg = Debug|Any CPU
		{36573E56-CE3A-46BA-80E0-D8C9014F6107}.Debug|Any CPU.Build.0 = Debug|Any CPU
		{36573E56-CE3A-46BA-80E0-D8C9014F6107}.Release|Any CPU.ActiveCfg = Release|Any CPU
		{36573E56-CE3A-46BA-80E0-D8C9014F6107}.Release|Any CPU.Build.0 = Release|Any CPU
		{0E0D3982-2EAF-4769-82F6-7A2DF824283D}.Debug|Any CPU.ActiveCfg = Debug|Any CPU
		{0E0D3982-2EAF-4769-82F6-7A2DF824283D}.Debug|Any CPU.Build.0 = Debug|Any CPU
		{0E0D3982-2EAF-4769-82F6-7A2DF824283D}.Release|Any CPU.ActiveCfg = Release|Any CPU
		{0E0D3982-2EAF-4769-82F6-7A2DF824283D}.Release|Any CPU.Build.0 = Release|Any CPU
		{59CE1383-0477-477E-9247-353E4CABCCFD}.Debug|Any CPU.ActiveCfg = Debug|Any CPU
		{59CE1383-0477-477E-9247-353E4CABCCFD}.Debug|Any CPU.Build.0 = Debug|Any CPU
		{59CE1383-0477-477E-9247-353E4CABCCFD}.Release|Any CPU.ActiveCfg = Release|Any CPU
		{59CE1383-0477-477E-9247-353E4CABCCFD}.Release|Any CPU.Build.0 = Release|Any CPU
		{A421AA14-157B-4F5D-B644-936D88A041ED}.Debug|Any CPU.ActiveCfg = Debug|Any CPU
		{A421AA14-157B-4F5D-B644-936D88A041ED}.Debug|Any CPU.Build.0 = Debug|Any CPU
		{A421AA14-157B-4F5D-B644-936D88A041ED}.Release|Any CPU.ActiveCfg = Release|Any CPU
		{A421AA14-157B-4F5D-B644-936D88A041ED}.Release|Any CPU.Build.0 = Release|Any CPU
		{D316DA38-C5C5-4F25-9085-C9903E62E5C9}.Debug|Any CPU.ActiveCfg = Debug|Any CPU
		{D316DA38-C5C5-4F25-9085-C9903E62E5C9}.Debug|Any CPU.Build.0 = Debug|Any CPU
		{D316DA38-C5C5-4F25-9085-C9903E62E5C9}.Release|Any CPU.ActiveCfg = Release|Any CPU
		{D316DA38-C5C5-4F25-9085-C9903E62E5C9}.Release|Any CPU.Build.0 = Release|Any CPU
		{52FC297D-1693-477A-91DA-DF79C231B8EB}.Debug|Any CPU.ActiveCfg = Debug|Any CPU
		{52FC297D-1693-477A-91DA-DF79C231B8EB}.Debug|Any CPU.Build.0 = Debug|Any CPU
		{52FC297D-1693-477A-91DA-DF79C231B8EB}.Release|Any CPU.ActiveCfg = Release|Any CPU
		{52FC297D-1693-477A-91DA-DF79C231B8EB}.Release|Any CPU.Build.0 = Release|Any CPU
		{FD2C3D84-C750-4EEF-BABB-E8880F370352}.Debug|Any CPU.ActiveCfg = Debug|Any CPU
		{FD2C3D84-C750-4EEF-BABB-E8880F370352}.Release|Any CPU.ActiveCfg = Release|Any CPU
		{FD2C3D84-C750-4EEF-BABB-E8880F370352}.Release|Any CPU.Build.0 = Release|Any CPU
		{73DB9D79-FDDE-4047-A441-04AF458AFBE8}.Debug|Any CPU.ActiveCfg = Debug|Any CPU
		{73DB9D79-FDDE-4047-A441-04AF458AFBE8}.Debug|Any CPU.Build.0 = Debug|Any CPU
		{73DB9D79-FDDE-4047-A441-04AF458AFBE8}.Release|Any CPU.ActiveCfg = Release|Any CPU
		{73DB9D79-FDDE-4047-A441-04AF458AFBE8}.Release|Any CPU.Build.0 = Release|Any CPU
		{9ECE76CB-BE1F-4061-83FE-17C4DBFB0EAD}.Debug|Any CPU.ActiveCfg = Debug|Any CPU
		{9ECE76CB-BE1F-4061-83FE-17C4DBFB0EAD}.Debug|Any CPU.Build.0 = Debug|Any CPU
		{9ECE76CB-BE1F-4061-83FE-17C4DBFB0EAD}.Release|Any CPU.ActiveCfg = Release|Any CPU
		{9ECE76CB-BE1F-4061-83FE-17C4DBFB0EAD}.Release|Any CPU.Build.0 = Release|Any CPU
	EndGlobalSection
	GlobalSection(NestedProjects) = preSolution
		{D316DA38-C5C5-4F25-9085-C9903E62E5C9} = {756EE255-D7F4-4CFE-8FAA-92A5C17E823B}
		{59CE1383-0477-477E-9247-353E4CABCCFD} = {756EE255-D7F4-4CFE-8FAA-92A5C17E823B}
		{8F298FDE-CE48-4AFF-AF5A-ECFC491BBFB8} = {756EE255-D7F4-4CFE-8FAA-92A5C17E823B}
		{73DB9D79-FDDE-4047-A441-04AF458AFBE8} = {756EE255-D7F4-4CFE-8FAA-92A5C17E823B}
		{FD2C3D84-C750-4EEF-BABB-E8880F370352} = {616A0B57-F352-4CD7-B4F6-40EA720E82F0}
	EndGlobalSection
EndGlobal
